// !$*UTF8*$!
{
	archiveVersion = 1;
	classes = {
	};
	objectVersion = 46;
	objects = {

/* Begin PBXBuildFile section */
		64641C2B1951140300E459E8 /* Main.storyboard in Resources */ = {isa = PBXBuildFile; fileRef = 64641C291951140300E459E8 /* Main.storyboard */; };
		64641C2D1951140C00E459E8 /* Images.xcassets in Resources */ = {isa = PBXBuildFile; fileRef = 64641C2C1951140C00E459E8 /* Images.xcassets */; };
		64641C301951142800E459E8 /* InfoPlist.strings in Resources */ = {isa = PBXBuildFile; fileRef = 64641C2E1951142800E459E8 /* InfoPlist.strings */; };
		6474BB661947BE9C0014FBF0 /* Foundation.framework in Frameworks */ = {isa = PBXBuildFile; fileRef = 6474BB651947BE9C0014FBF0 /* Foundation.framework */; };
		6474BB681947BE9C0014FBF0 /* CoreGraphics.framework in Frameworks */ = {isa = PBXBuildFile; fileRef = 6474BB671947BE9C0014FBF0 /* CoreGraphics.framework */; };
		6474BB6A1947BE9C0014FBF0 /* UIKit.framework in Frameworks */ = {isa = PBXBuildFile; fileRef = 6474BB691947BE9C0014FBF0 /* UIKit.framework */; };
		6474BB721947BE9C0014FBF0 /* main.m in Sources */ = {isa = PBXBuildFile; fileRef = 6474BB711947BE9C0014FBF0 /* main.m */; };
		64CFB2BB19510C3200D326E9 /* AppDelegate.m in Sources */ = {isa = PBXBuildFile; fileRef = 64CFB2BA19510C3200D326E9 /* AppDelegate.m */; };
		64CFB2CA1951133F00D326E9 /* NKMNumPadViewController.m in Sources */ = {isa = PBXBuildFile; fileRef = 64CFB2C91951133F00D326E9 /* NKMNumPadViewController.m */; };
		64CFB2CD1951136600D326E9 /* NKMPhysicalPoint.m in Sources */ = {isa = PBXBuildFile; fileRef = 64CFB2CC1951136600D326E9 /* NKMPhysicalPoint.m */; };
		64CFB2D01951139F00D326E9 /* 4x3.png in Resources */ = {isa = PBXBuildFile; fileRef = 64CFB2CE1951139F00D326E9 /* 4x3.png */; };
		64CFB2D11951139F00D326E9 /* 4x3@2x.png in Resources */ = {isa = PBXBuildFile; fileRef = 64CFB2CF1951139F00D326E9 /* 4x3@2x.png */; };
		64F6C304194A690F00752E81 /* GLKit.framework in Frameworks */ = {isa = PBXBuildFile; fileRef = 64F6C303194A690F00752E81 /* GLKit.framework */; };
		64F6C306194A691700752E81 /* OpenGLES.framework in Frameworks */ = {isa = PBXBuildFile; fileRef = 64F6C305194A691700752E81 /* OpenGLES.framework */; };
/* End PBXBuildFile section */

/* Begin PBXFileReference section */
		64641C2A1951140300E459E8 /* Base */ = {isa = PBXFileReference; lastKnownFileType = file.storyboard; name = Base; path = Base.lproj/Main.storyboard; sourceTree = "<group>"; };
		64641C2C1951140C00E459E8 /* Images.xcassets */ = {isa = PBXFileReference; lastKnownFileType = folder.assetcatalog; path = Images.xcassets; sourceTree = "<group>"; };
		64641C2F1951142800E459E8 /* en */ = {isa = PBXFileReference; lastKnownFileType = text.plist.strings; name = en; path = en.lproj/InfoPlist.strings; sourceTree = "<group>"; };
		6474BB621947BE9C0014FBF0 /* NKMNumPad.app */ = {isa = PBXFileReference; explicitFileType = wrapper.application; includeInIndex = 0; path = NKMNumPad.app; sourceTree = BUILT_PRODUCTS_DIR; };
		6474BB651947BE9C0014FBF0 /* Foundation.framework */ = {isa = PBXFileReference; lastKnownFileType = wrapper.framework; name = Foundation.framework; path = System/Library/Frameworks/Foundation.framework; sourceTree = SDKROOT; };
		6474BB671947BE9C0014FBF0 /* CoreGraphics.framework */ = {isa = PBXFileReference; lastKnownFileType = wrapper.framework; name = CoreGraphics.framework; path = System/Library/Frameworks/CoreGraphics.framework; sourceTree = SDKROOT; };
		6474BB691947BE9C0014FBF0 /* UIKit.framework */ = {isa = PBXFileReference; lastKnownFileType = wrapper.framework; name = UIKit.framework; path = System/Library/Frameworks/UIKit.framework; sourceTree = SDKROOT; };
		6474BB6D1947BE9C0014FBF0 /* NKMNumPad-Info.plist */ = {isa = PBXFileReference; lastKnownFileType = text.plist.xml; path = "NKMNumPad-Info.plist"; sourceTree = "<group>"; };
		6474BB711947BE9C0014FBF0 /* main.m */ = {isa = PBXFileReference; lastKnownFileType = sourcecode.c.objc; path = main.m; sourceTree = "<group>"; };
		6474BB731947BE9C0014FBF0 /* NKMNumPad-Prefix.pch */ = {isa = PBXFileReference; lastKnownFileType = sourcecode.c.h; path = "NKMNumPad-Prefix.pch"; sourceTree = "<group>"; };
		6474BB841947BE9C0014FBF0 /* XCTest.framework */ = {isa = PBXFileReference; lastKnownFileType = wrapper.framework; name = XCTest.framework; path = Library/Frameworks/XCTest.framework; sourceTree = DEVELOPER_DIR; };
		64CFB2B919510C3200D326E9 /* AppDelegate.h */ = {isa = PBXFileReference; fileEncoding = 4; lastKnownFileType = sourcecode.c.h; path = AppDelegate.h; sourceTree = "<group>"; };
		64CFB2BA19510C3200D326E9 /* AppDelegate.m */ = {isa = PBXFileReference; fileEncoding = 4; lastKnownFileType = sourcecode.c.objc; path = AppDelegate.m; sourceTree = "<group>"; };
		64CFB2C81951133F00D326E9 /* NKMNumPadViewController.h */ = {isa = PBXFileReference; fileEncoding = 4; lastKnownFileType = sourcecode.c.h; name = NKMNumPadViewController.h; path = NKMNumPad/NKMNumPadViewController.h; sourceTree = SOURCE_ROOT; };
		64CFB2C91951133F00D326E9 /* NKMNumPadViewController.m */ = {isa = PBXFileReference; fileEncoding = 4; lastKnownFileType = sourcecode.c.objc; name = NKMNumPadViewController.m; path = NKMNumPad/NKMNumPadViewController.m; sourceTree = SOURCE_ROOT; };
		64CFB2CB1951136600D326E9 /* NKMPhysicalPoint.h */ = {isa = PBXFileReference; fileEncoding = 4; lastKnownFileType = sourcecode.c.h; name = NKMPhysicalPoint.h; path = NKMNumPad/NKMPhysicalPoint.h; sourceTree = SOURCE_ROOT; };
		64CFB2CC1951136600D326E9 /* NKMPhysicalPoint.m */ = {isa = PBXFileReference; fileEncoding = 4; lastKnownFileType = sourcecode.c.objc; name = NKMPhysicalPoint.m; path = NKMNumPad/NKMPhysicalPoint.m; sourceTree = SOURCE_ROOT; };
		64CFB2CE1951139F00D326E9 /* 4x3.png */ = {isa = PBXFileReference; lastKnownFileType = image.png; name = 4x3.png; path = NKMNumPad/4x3.png; sourceTree = SOURCE_ROOT; };
		64CFB2CF1951139F00D326E9 /* 4x3@2x.png */ = {isa = PBXFileReference; lastKnownFileType = image.png; name = "4x3@2x.png"; path = "NKMNumPad/4x3@2x.png"; sourceTree = SOURCE_ROOT; };
		64F6C303194A690F00752E81 /* GLKit.framework */ = {isa = PBXFileReference; lastKnownFileType = wrapper.framework; name = GLKit.framework; path = System/Library/Frameworks/GLKit.framework; sourceTree = SDKROOT; };
		64F6C305194A691700752E81 /* OpenGLES.framework */ = {isa = PBXFileReference; lastKnownFileType = wrapper.framework; name = OpenGLES.framework; path = System/Library/Frameworks/OpenGLES.framework; sourceTree = SDKROOT; };
/* End PBXFileReference section */

/* Begin PBXFrameworksBuildPhase section */
		6474BB5F1947BE9C0014FBF0 /* Frameworks */ = {
			isa = PBXFrameworksBuildPhase;
			buildActionMask = 2147483647;
			files = (
				64F6C306194A691700752E81 /* OpenGLES.framework in Frameworks */,
				64F6C304194A690F00752E81 /* GLKit.framework in Frameworks */,
				6474BB681947BE9C0014FBF0 /* CoreGraphics.framework in Frameworks */,
				6474BB6A1947BE9C0014FBF0 /* UIKit.framework in Frameworks */,
				6474BB661947BE9C0014FBF0 /* Foundation.framework in Frameworks */,
			);
			runOnlyForDeploymentPostprocessing = 0;
		};
/* End PBXFrameworksBuildPhase section */

/* Begin PBXGroup section */
		6474BB591947BE9C0014FBF0 = {
			isa = PBXGroup;
			children = (
				6474BB6B1947BE9C0014FBF0 /* DEMO */,
				6474BB641947BE9C0014FBF0 /* Frameworks */,
				6474BB631947BE9C0014FBF0 /* Products */,
			);
			sourceTree = "<group>";
		};
		6474BB631947BE9C0014FBF0 /* Products */ = {
			isa = PBXGroup;
			children = (
				6474BB621947BE9C0014FBF0 /* NKMNumPad.app */,
			);
			name = Products;
			sourceTree = "<group>";
		};
		6474BB641947BE9C0014FBF0 /* Frameworks */ = {
			isa = PBXGroup;
			children = (
				64F6C305194A691700752E81 /* OpenGLES.framework */,
				64F6C303194A690F00752E81 /* GLKit.framework */,
				6474BB651947BE9C0014FBF0 /* Foundation.framework */,
				6474BB671947BE9C0014FBF0 /* CoreGraphics.framework */,
				6474BB691947BE9C0014FBF0 /* UIKit.framework */,
				6474BB841947BE9C0014FBF0 /* XCTest.framework */,
			);
			name = Frameworks;
			sourceTree = "<group>";
		};
		6474BB6B1947BE9C0014FBF0 /* DEMO */ = {
			isa = PBXGroup;
			children = (
				64CFB2B919510C3200D326E9 /* AppDelegate.h */,
				64CFB2BA19510C3200D326E9 /* AppDelegate.m */,
				64F6C313194A6CF300752E81 /* models */,
				64F6C308194A6CD700752E81 /* controllers */,
				64F6C317194A6D2100752E81 /* resources */,
				6474BB6C1947BE9C0014FBF0 /* Supporting Files */,
			);
			path = DEMO;
			sourceTree = "<group>";
		};
		6474BB6C1947BE9C0014FBF0 /* Supporting Files */ = {
			isa = PBXGroup;
			children = (
				6474BB6D1947BE9C0014FBF0 /* NKMNumPad-Info.plist */,
				64641C2E1951142800E459E8 /* InfoPlist.strings */,
				6474BB711947BE9C0014FBF0 /* main.m */,
				6474BB731947BE9C0014FBF0 /* NKMNumPad-Prefix.pch */,
			);
			name = "Supporting Files";
			sourceTree = "<group>";
		};
		64F6C308194A6CD700752E81 /* controllers */ = {
			isa = PBXGroup;
			children = (
				64CFB2C81951133F00D326E9 /* NKMNumPadViewController.h */,
				64CFB2C91951133F00D326E9 /* NKMNumPadViewController.m */,
			);
			path = controllers;
			sourceTree = "<group>";
		};
		64F6C313194A6CF300752E81 /* models */ = {
			isa = PBXGroup;
			children = (
				64CFB2CB1951136600D326E9 /* NKMPhysicalPoint.h */,
				64CFB2CC1951136600D326E9 /* NKMPhysicalPoint.m */,
			);
			path = models;
			sourceTree = "<group>";
		};
		64F6C317194A6D2100752E81 /* resources */ = {
			isa = PBXGroup;
			children = (
				64CFB2CE1951139F00D326E9 /* 4x3.png */,
				64CFB2CF1951139F00D326E9 /* 4x3@2x.png */,
				64641C2C1951140C00E459E8 /* Images.xcassets */,
				64641C291951140300E459E8 /* Main.storyboard */,
			);
			name = resources;
			sourceTree = "<group>";
		};
/* End PBXGroup section */

/* Begin PBXNativeTarget section */
		6474BB611947BE9C0014FBF0 /* NKMNumPad */ = {
			isa = PBXNativeTarget;
			buildConfigurationList = 6474BB941947BE9C0014FBF0 /* Build configuration list for PBXNativeTarget "NKMNumPad" */;
			buildPhases = (
				6474BB5E1947BE9C0014FBF0 /* Sources */,
				6474BB5F1947BE9C0014FBF0 /* Frameworks */,
				6474BB601947BE9C0014FBF0 /* Resources */,
			);
			buildRules = (
			);
			dependencies = (
			);
			name = NKMNumPad;
			productName = HuwaHuwa;
			productReference = 6474BB621947BE9C0014FBF0 /* NKMNumPad.app */;
			productType = "com.apple.product-type.application";
		};
/* End PBXNativeTarget section */

/* Begin PBXProject section */
		6474BB5A1947BE9C0014FBF0 /* Project object */ = {
			isa = PBXProject;
			attributes = {
				LastUpgradeCheck = 0510;
				ORGANIZATIONNAME = "hajime-nakamura";
			};
			buildConfigurationList = 6474BB5D1947BE9C0014FBF0 /* Build configuration list for PBXProject "NKMNumPad" */;
			compatibilityVersion = "Xcode 3.2";
			developmentRegion = English;
			hasScannedForEncodings = 0;
			knownRegions = (
				en,
				Base,
			);
			mainGroup = 6474BB591947BE9C0014FBF0;
			productRefGroup = 6474BB631947BE9C0014FBF0 /* Products */;
			projectDirPath = "";
			projectRoot = "";
			targets = (
				6474BB611947BE9C0014FBF0 /* NKMNumPad */,
			);
		};
/* End PBXProject section */

/* Begin PBXResourcesBuildPhase section */
		6474BB601947BE9C0014FBF0 /* Resources */ = {
			isa = PBXResourcesBuildPhase;
			buildActionMask = 2147483647;
			files = (
				64641C2B1951140300E459E8 /* Main.storyboard in Resources */,
				64CFB2D11951139F00D326E9 /* 4x3@2x.png in Resources */,
				64641C2D1951140C00E459E8 /* Images.xcassets in Resources */,
				64CFB2D01951139F00D326E9 /* 4x3.png in Resources */,
				64641C301951142800E459E8 /* InfoPlist.strings in Resources */,
			);
			runOnlyForDeploymentPostprocessing = 0;
		};
/* End PBXResourcesBuildPhase section */

/* Begin PBXSourcesBuildPhase section */
		6474BB5E1947BE9C0014FBF0 /* Sources */ = {
			isa = PBXSourcesBuildPhase;
			buildActionMask = 2147483647;
			files = (
				64CFB2CD1951136600D326E9 /* NKMPhysicalPoint.m in Sources */,
				6474BB721947BE9C0014FBF0 /* main.m in Sources */,
				64CFB2CA1951133F00D326E9 /* NKMNumPadViewController.m in Sources */,
				64CFB2BB19510C3200D326E9 /* AppDelegate.m in Sources */,
			);
			runOnlyForDeploymentPostprocessing = 0;
		};
/* End PBXSourcesBuildPhase section */

/* Begin PBXVariantGroup section */
		64641C291951140300E459E8 /* Main.storyboard */ = {
			isa = PBXVariantGroup;
			children = (
				64641C2A1951140300E459E8 /* Base */,
			);
			name = Main.storyboard;
			sourceTree = "<group>";
		};
		64641C2E1951142800E459E8 /* InfoPlist.strings */ = {
			isa = PBXVariantGroup;
			children = (
				64641C2F1951142800E459E8 /* en */,
			);
			name = InfoPlist.strings;
			sourceTree = "<group>";
		};
/* End PBXVariantGroup section */

/* Begin XCBuildConfiguration section */
		6474BB921947BE9C0014FBF0 /* Debug */ = {
			isa = XCBuildConfiguration;
			buildSettings = {
				ALWAYS_SEARCH_USER_PATHS = NO;
				CLANG_CXX_LANGUAGE_STANDARD = "gnu++0x";
				CLANG_CXX_LIBRARY = "libc++";
				CLANG_ENABLE_MODULES = YES;
				CLANG_ENABLE_OBJC_ARC = YES;
				CLANG_WARN_BOOL_CONVERSION = YES;
				CLANG_WARN_CONSTANT_CONVERSION = YES;
				CLANG_WARN_DIRECT_OBJC_ISA_USAGE = YES_ERROR;
				CLANG_WARN_EMPTY_BODY = YES;
				CLANG_WARN_ENUM_CONVERSION = YES;
				CLANG_WARN_INT_CONVERSION = YES;
				CLANG_WARN_OBJC_ROOT_CLASS = YES_ERROR;
				CLANG_WARN__DUPLICATE_METHOD_MATCH = YES;
				"CODE_SIGN_IDENTITY[sdk=iphoneos*]" = "iPhone Developer";
				COPY_PHASE_STRIP = NO;
				GCC_C_LANGUAGE_STANDARD = gnu99;
				GCC_DYNAMIC_NO_PIC = NO;
				GCC_OPTIMIZATION_LEVEL = 0;
				GCC_PREPROCESSOR_DEFINITIONS = (
					"DEBUG=1",
					"$(inherited)",
				);
				GCC_SYMBOLS_PRIVATE_EXTERN = NO;
				GCC_WARN_64_TO_32_BIT_CONVERSION = YES;
				GCC_WARN_ABOUT_RETURN_TYPE = YES_ERROR;
				GCC_WARN_UNDECLARED_SELECTOR = YES;
				GCC_WARN_UNINITIALIZED_AUTOS = YES_AGGRESSIVE;
				GCC_WARN_UNUSED_FUNCTION = YES;
				GCC_WARN_UNUSED_VARIABLE = YES;
				IPHONEOS_DEPLOYMENT_TARGET = 7.1;
				ONLY_ACTIVE_ARCH = YES;
				SDKROOT = iphoneos;
			};
			name = Debug;
		};
		6474BB931947BE9C0014FBF0 /* Release */ = {
			isa = XCBuildConfiguration;
			buildSettings = {
				ALWAYS_SEARCH_USER_PATHS = NO;
				CLANG_CXX_LANGUAGE_STANDARD = "gnu++0x";
				CLANG_CXX_LIBRARY = "libc++";
				CLANG_ENABLE_MODULES = YES;
				CLANG_ENABLE_OBJC_ARC = YES;
				CLANG_WARN_BOOL_CONVERSION = YES;
				CLANG_WARN_CONSTANT_CONVERSION = YES;
				CLANG_WARN_DIRECT_OBJC_ISA_USAGE = YES_ERROR;
				CLANG_WARN_EMPTY_BODY = YES;
				CLANG_WARN_ENUM_CONVERSION = YES;
				CLANG_WARN_INT_CONVERSION = YES;
				CLANG_WARN_OBJC_ROOT_CLASS = YES_ERROR;
				CLANG_WARN__DUPLICATE_METHOD_MATCH = YES;
				"CODE_SIGN_IDENTITY[sdk=iphoneos*]" = "iPhone Developer";
				COPY_PHASE_STRIP = YES;
				ENABLE_NS_ASSERTIONS = NO;
				GCC_C_LANGUAGE_STANDARD = gnu99;
				GCC_WARN_64_TO_32_BIT_CONVERSION = YES;
				GCC_WARN_ABOUT_RETURN_TYPE = YES_ERROR;
				GCC_WARN_UNDECLARED_SELECTOR = YES;
				GCC_WARN_UNINITIALIZED_AUTOS = YES_AGGRESSIVE;
				GCC_WARN_UNUSED_FUNCTION = YES;
				GCC_WARN_UNUSED_VARIABLE = YES;
				IPHONEOS_DEPLOYMENT_TARGET = 7.1;
				SDKROOT = iphoneos;
				VALIDATE_PRODUCT = YES;
			};
			name = Release;
		};
		6474BB951947BE9C0014FBF0 /* Debug */ = {
			isa = XCBuildConfiguration;
			buildSettings = {
				ASSETCATALOG_COMPILER_APPICON_NAME = AppIcon;
				ASSETCATALOG_COMPILER_LAUNCHIMAGE_NAME = LaunchImage;
				GCC_PRECOMPILE_PREFIX_HEADER = YES;
				GCC_PREFIX_HEADER = "DEMO/NKMNumPad-Prefix.pch";
				INFOPLIST_FILE = "$(SRCROOT)/DEMO/NKMNumPad-Info.plist";
				IPHONEOS_DEPLOYMENT_TARGET = 7.0;
				PRODUCT_NAME = NKMNumPad;
				WRAPPER_EXTENSION = app;
			};
			name = Debug;
		};
		6474BB961947BE9C0014FBF0 /* Release */ = {
			isa = XCBuildConfiguration;
			buildSettings = {
				ASSETCATALOG_COMPILER_APPICON_NAME = AppIcon;
				ASSETCATALOG_COMPILER_LAUNCHIMAGE_NAME = LaunchImage;
				GCC_PRECOMPILE_PREFIX_HEADER = YES;
				GCC_PREFIX_HEADER = "DEMO/NKMNumPad-Prefix.pch";
				INFOPLIST_FILE = "$(SRCROOT)/DEMO/NKMNumPad-Info.plist";
				IPHONEOS_DEPLOYMENT_TARGET = 7.0;
				PRODUCT_NAME = NKMNumPad;
				WRAPPER_EXTENSION = app;
			};
			name = Release;
		};
/* End XCBuildConfiguration section */

/* Begin XCConfigurationList section */
		6474BB5D1947BE9C0014FBF0 /* Build configuration list for PBXProject "NKMNumPad" */ = {
			isa = XCConfigurationList;
			buildConfigurations = (
				6474BB921947BE9C0014FBF0 /* Debug */,
				6474BB931947BE9C0014FBF0 /* Release */,
			);
			defaultConfigurationIsVisible = 0;
			defaultConfigurationName = Release;
		};
		6474BB941947BE9C0014FBF0 /* Build configuration list for PBXNativeTarget "NKMNumPad" */ = {
			isa = XCConfigurationList;
			buildConfigurations = (
				6474BB951947BE9C0014FBF0 /* Debug */,
				6474BB961947BE9C0014FBF0 /* Release */,
			);
			defaultConfigurationIsVisible = 0;
			defaultConfigurationName = Release;
		};
/* End XCConfigurationList section */
	};
	rootObject = 6474BB5A1947BE9C0014FBF0 /* Project object */;
}
